
Microsoft Visual Studio Solution File, Format Version 12.00
# Visual Studio Version 17
VisualStudioVersion = 17.0.31903.59
MinimumVisualStudioVersion = 10.0.40219.1
Project("{2150E333-8FDC-42A3-9474-1A3956D46DE8}") = "Solution Items", "Solution Items", "{02EA681E-C7D8-13C7-8484-4AC65E1B71E8}"
	ProjectSection(SolutionItems) = preProject
		.editorconfig = .editorconfig
		.gitignore = .gitignore
		Directory.Build.props = Directory.Build.props
		Directory.Build.targets = Directory.Build.targets
		Directory.Packages.props = Directory.Packages.props
		global.json = global.json
		LICENSE = LICENSE
		nuget.config = nuget.config
	EndProjectSection
EndProject
Project("{2150E333-8FDC-42A3-9474-1A3956D46DE8}") = "Kernel", "Kernel", "{8E52520E-079B-4F1B-8616-CA223FA1E088}"
EndProject
Project("{FAE04EC0-301F-11D3-BF4B-00C04F79EFBC}") = "Kernel", "src\kernel\Kernel\Kernel.csproj", "{D700638B-F78B-8FAF-E8CB-5C49C72484BB}"
EndProject
Project("{2150E333-8FDC-42A3-9474-1A3956D46DE8}") = "Tools", "Tools", "{A18BCFE5-38D1-4FD9-9E1E-707F0CD14D6E}"
EndProject
Project("{FAE04EC0-301F-11D3-BF4B-00C04F79EFBC}") = "Kernel.SourceGenerator", "src\tools\Kernel.SourceGenerator\Kernel.SourceGenerator.csproj", "{E4F1E1FB-D76B-671E-105B-8687C5AD207D}"
EndProject
Project("{FAE04EC0-301F-11D3-BF4B-00C04F79EFBC}") = "Controls.WebView", "src\kernel\Controls.WebView\Controls.WebView.csproj", "{9715A3BF-9F7C-BFEF-98DC-DE8B5BA9E4A2}"
EndProject
Project("{FAE04EC0-301F-11D3-BF4B-00C04F79EFBC}") = "DependencyInjection", "src\kernel\DependencyInjection\DependencyInjection.csproj", "{946DAA11-9B66-DD7B-6CA9-B70005908FA9}"
EndProject
Project("{FAE04EC0-301F-11D3-BF4B-00C04F79EFBC}") = "Hosting", "src\kernel\Hosting\Hosting.csproj", "{2C8D95AD-D945-B89C-6C54-7135FA963B3E}"
EndProject
Project("{2150E333-8FDC-42A3-9474-1A3956D46DE8}") = "Win32", "Win32", "{3626DFAC-BF28-4923-A206-644224690874}"
EndProject
Project("{FAE04EC0-301F-11D3-BF4B-00C04F79EFBC}") = "Win32", "src\win32\Win32\Win32.csproj", "{74B8FAD3-501A-07A7-BFE1-404EC0B29586}"
EndProject
Project("{FAE04EC0-301F-11D3-BF4B-00C04F79EFBC}") = "Controls.EdgeWebView2", "src\win32\Controls.EdgeWebView2\Controls.EdgeWebView2.csproj", "{AA7678D5-12E0-F1A4-846E-615C6DD9842F}"
EndProject
Project("{FAE04EC0-301F-11D3-BF4B-00C04F79EFBC}") = "DependencyInjection", "src\win32\DependencyInjection\DependencyInjection.csproj", "{36D3B7E4-522C-C191-6798-D8191410A144}"
EndProject
Project("{2150E333-8FDC-42A3-9474-1A3956D46DE8}") = "Gtk4", "Gtk4", "{0A36B216-39C2-4944-A249-5C7911A4B78C}"
EndProject
Project("{FAE04EC0-301F-11D3-BF4B-00C04F79EFBC}") = "Gtk4", "src\gtk4\Gtk4\Gtk4.csproj", "{B69C27A7-4092-3605-4D2C-E31A8614FD7F}"
EndProject
Project("{FAE04EC0-301F-11D3-BF4B-00C04F79EFBC}") = "Controls.WebKitGtk6", "src\gtk4\Controls.WebKitGtk6\Controls.WebKitGtk6.csproj", "{7C46466C-C65A-3CF0-1DED-17D9A9124434}"
EndProject
Project("{FAE04EC0-301F-11D3-BF4B-00C04F79EFBC}") = "DependencyInjection", "src\gtk4\DependencyInjection\DependencyInjection.csproj", "{07A49E4D-6E6D-C3F7-0F08-F704E5E0A7EA}"
EndProject
Project("{2150E333-8FDC-42A3-9474-1A3956D46DE8}") = "Example", "Example", "{734FAA4A-E7E9-481A-B85A-806E76DB5B57}"
EndProject
Project("{FAE04EC0-301F-11D3-BF4B-00C04F79EFBC}") = "Example.Hosting", "src\example\Example.Hosting\Example.Hosting.csproj", "{55CFA72D-53A3-670E-5AFC-C4BC55CF0410}"
EndProject
Project("{2150E333-8FDC-42A3-9474-1A3956D46DE8}") = "Global", "Global", "{C43609CF-6E36-4D37-AB40-94BC9387C946}"
EndProject
Project("{FAE04EC0-301F-11D3-BF4B-00C04F79EFBC}") = "Global", "src\global\Global\Global.csproj", "{A357359A-5987-71B1-276F-5DACFC790483}"
EndProject
Project("{FAE04EC0-301F-11D3-BF4B-00C04F79EFBC}") = "Controls.WebView", "src\global\Controls.WebView\Controls.WebView.csproj", "{FA608DFF-8AEA-E445-2D6C-EEFD84556B17}"
EndProject
Project("{FAE04EC0-301F-11D3-BF4B-00C04F79EFBC}") = "DependencyInjection", "src\global\DependencyInjection\DependencyInjection.csproj", "{53CC83B5-3BA3-E2C5-D368-B17D0EB3EA18}"
EndProject
Project("{FAE04EC0-301F-11D3-BF4B-00C04F79EFBC}") = "Example", "src\example\Example\Example.csproj", "{F6642F69-9610-3B69-D069-AA90F8DABA6F}"
EndProject
Global
	GlobalSection(SolutionConfigurationPlatforms) = preSolution
		Debug|Any CPU = Debug|Any CPU
		Debug|x64 = Debug|x64
		Debug|x86 = Debug|x86
		Release|Any CPU = Release|Any CPU
		Release|x64 = Release|x64
		Release|x86 = Release|x86
	EndGlobalSection
	GlobalSection(ProjectConfigurationPlatforms) = postSolution
		{D700638B-F78B-8FAF-E8CB-5C49C72484BB}.Debug|Any CPU.ActiveCfg = Debug|Any CPU
		{D700638B-F78B-8FAF-E8CB-5C49C72484BB}.Debug|Any CPU.Build.0 = Debug|Any CPU
		{D700638B-F78B-8FAF-E8CB-5C49C72484BB}.Debug|x64.ActiveCfg = Debug|Any CPU
		{D700638B-F78B-8FAF-E8CB-5C49C72484BB}.Debug|x64.Build.0 = Debug|Any CPU
		{D700638B-F78B-8FAF-E8CB-5C49C72484BB}.Debug|x86.ActiveCfg = Debug|Any CPU
		{D700638B-F78B-8FAF-E8CB-5C49C72484BB}.Debug|x86.Build.0 = Debug|Any CPU
		{D700638B-F78B-8FAF-E8CB-5C49C72484BB}.Release|Any CPU.ActiveCfg = Release|Any CPU
		{D700638B-F78B-8FAF-E8CB-5C49C72484BB}.Release|Any CPU.Build.0 = Release|Any CPU
		{D700638B-F78B-8FAF-E8CB-5C49C72484BB}.Release|x64.ActiveCfg = Release|Any CPU
		{D700638B-F78B-8FAF-E8CB-5C49C72484BB}.Release|x64.Build.0 = Release|Any CPU
		{D700638B-F78B-8FAF-E8CB-5C49C72484BB}.Release|x86.ActiveCfg = Release|Any CPU
		{D700638B-F78B-8FAF-E8CB-5C49C72484BB}.Release|x86.Build.0 = Release|Any CPU
		{E4F1E1FB-D76B-671E-105B-8687C5AD207D}.Debug|Any CPU.ActiveCfg = Debug|Any CPU
		{E4F1E1FB-D76B-671E-105B-8687C5AD207D}.Debug|Any CPU.Build.0 = Debug|Any CPU
		{E4F1E1FB-D76B-671E-105B-8687C5AD207D}.Debug|x64.ActiveCfg = Debug|Any CPU
		{E4F1E1FB-D76B-671E-105B-8687C5AD207D}.Debug|x64.Build.0 = Debug|Any CPU
		{E4F1E1FB-D76B-671E-105B-8687C5AD207D}.Debug|x86.ActiveCfg = Debug|Any CPU
		{E4F1E1FB-D76B-671E-105B-8687C5AD207D}.Debug|x86.Build.0 = Debug|Any CPU
		{E4F1E1FB-D76B-671E-105B-8687C5AD207D}.Release|Any CPU.ActiveCfg = Release|Any CPU
		{E4F1E1FB-D76B-671E-105B-8687C5AD207D}.Release|Any CPU.Build.0 = Release|Any CPU
		{E4F1E1FB-D76B-671E-105B-8687C5AD207D}.Release|x64.ActiveCfg = Release|Any CPU
		{E4F1E1FB-D76B-671E-105B-8687C5AD207D}.Release|x64.Build.0 = Release|Any CPU
		{E4F1E1FB-D76B-671E-105B-8687C5AD207D}.Release|x86.ActiveCfg = Release|Any CPU
		{E4F1E1FB-D76B-671E-105B-8687C5AD207D}.Release|x86.Build.0 = Release|Any CPU
		{9715A3BF-9F7C-BFEF-98DC-DE8B5BA9E4A2}.Debug|Any CPU.ActiveCfg = Debug|Any CPU
		{9715A3BF-9F7C-BFEF-98DC-DE8B5BA9E4A2}.Debug|Any CPU.Build.0 = Debug|Any CPU
		{9715A3BF-9F7C-BFEF-98DC-DE8B5BA9E4A2}.Debug|x64.ActiveCfg = Debug|Any CPU
		{9715A3BF-9F7C-BFEF-98DC-DE8B5BA9E4A2}.Debug|x64.Build.0 = Debug|Any CPU
		{9715A3BF-9F7C-BFEF-98DC-DE8B5BA9E4A2}.Debug|x86.ActiveCfg = Debug|Any CPU
		{9715A3BF-9F7C-BFEF-98DC-DE8B5BA9E4A2}.Debug|x86.Build.0 = Debug|Any CPU
		{9715A3BF-9F7C-BFEF-98DC-DE8B5BA9E4A2}.Release|Any CPU.ActiveCfg = Release|Any CPU
		{9715A3BF-9F7C-BFEF-98DC-DE8B5BA9E4A2}.Release|Any CPU.Build.0 = Release|Any CPU
		{9715A3BF-9F7C-BFEF-98DC-DE8B5BA9E4A2}.Release|x64.ActiveCfg = Release|Any CPU
		{9715A3BF-9F7C-BFEF-98DC-DE8B5BA9E4A2}.Release|x64.Build.0 = Release|Any CPU
		{9715A3BF-9F7C-BFEF-98DC-DE8B5BA9E4A2}.Release|x86.ActiveCfg = Release|Any CPU
		{9715A3BF-9F7C-BFEF-98DC-DE8B5BA9E4A2}.Release|x86.Build.0 = Release|Any CPU
		{946DAA11-9B66-DD7B-6CA9-B70005908FA9}.Debug|Any CPU.ActiveCfg = Debug|Any CPU
		{946DAA11-9B66-DD7B-6CA9-B70005908FA9}.Debug|Any CPU.Build.0 = Debug|Any CPU
		{946DAA11-9B66-DD7B-6CA9-B70005908FA9}.Debug|x64.ActiveCfg = Debug|Any CPU
		{946DAA11-9B66-DD7B-6CA9-B70005908FA9}.Debug|x64.Build.0 = Debug|Any CPU
		{946DAA11-9B66-DD7B-6CA9-B70005908FA9}.Debug|x86.ActiveCfg = Debug|Any CPU
		{946DAA11-9B66-DD7B-6CA9-B70005908FA9}.Debug|x86.Build.0 = Debug|Any CPU
		{946DAA11-9B66-DD7B-6CA9-B70005908FA9}.Release|Any CPU.ActiveCfg = Release|Any CPU
		{946DAA11-9B66-DD7B-6CA9-B70005908FA9}.Release|Any CPU.Build.0 = Release|Any CPU
		{946DAA11-9B66-DD7B-6CA9-B70005908FA9}.Release|x64.ActiveCfg = Release|Any CPU
		{946DAA11-9B66-DD7B-6CA9-B70005908FA9}.Release|x64.Build.0 = Release|Any CPU
		{946DAA11-9B66-DD7B-6CA9-B70005908FA9}.Release|x86.ActiveCfg = Release|Any CPU
		{946DAA11-9B66-DD7B-6CA9-B70005908FA9}.Release|x86.Build.0 = Release|Any CPU
		{2C8D95AD-D945-B89C-6C54-7135FA963B3E}.Debug|Any CPU.ActiveCfg = Debug|Any CPU
		{2C8D95AD-D945-B89C-6C54-7135FA963B3E}.Debug|Any CPU.Build.0 = Debug|Any CPU
		{2C8D95AD-D945-B89C-6C54-7135FA963B3E}.Debug|x64.ActiveCfg = Debug|Any CPU
		{2C8D95AD-D945-B89C-6C54-7135FA963B3E}.Debug|x64.Build.0 = Debug|Any CPU
		{2C8D95AD-D945-B89C-6C54-7135FA963B3E}.Debug|x86.ActiveCfg = Debug|Any CPU
		{2C8D95AD-D945-B89C-6C54-7135FA963B3E}.Debug|x86.Build.0 = Debug|Any CPU
		{2C8D95AD-D945-B89C-6C54-7135FA963B3E}.Release|Any CPU.ActiveCfg = Release|Any CPU
		{2C8D95AD-D945-B89C-6C54-7135FA963B3E}.Release|Any CPU.Build.0 = Release|Any CPU
		{2C8D95AD-D945-B89C-6C54-7135FA963B3E}.Release|x64.ActiveCfg = Release|Any CPU
		{2C8D95AD-D945-B89C-6C54-7135FA963B3E}.Release|x64.Build.0 = Release|Any CPU
		{2C8D95AD-D945-B89C-6C54-7135FA963B3E}.Release|x86.ActiveCfg = Release|Any CPU
		{2C8D95AD-D945-B89C-6C54-7135FA963B3E}.Release|x86.Build.0 = Release|Any CPU
		{74B8FAD3-501A-07A7-BFE1-404EC0B29586}.Debug|Any CPU.ActiveCfg = Debug|Any CPU
		{74B8FAD3-501A-07A7-BFE1-404EC0B29586}.Debug|Any CPU.Build.0 = Debug|Any CPU
		{74B8FAD3-501A-07A7-BFE1-404EC0B29586}.Debug|x64.ActiveCfg = Debug|Any CPU
		{74B8FAD3-501A-07A7-BFE1-404EC0B29586}.Debug|x64.Build.0 = Debug|Any CPU
		{74B8FAD3-501A-07A7-BFE1-404EC0B29586}.Debug|x86.ActiveCfg = Debug|Any CPU
		{74B8FAD3-501A-07A7-BFE1-404EC0B29586}.Debug|x86.Build.0 = Debug|Any CPU
		{74B8FAD3-501A-07A7-BFE1-404EC0B29586}.Release|Any CPU.ActiveCfg = Release|Any CPU
		{74B8FAD3-501A-07A7-BFE1-404EC0B29586}.Release|Any CPU.Build.0 = Release|Any CPU
		{74B8FAD3-501A-07A7-BFE1-404EC0B29586}.Release|x64.ActiveCfg = Release|Any CPU
		{74B8FAD3-501A-07A7-BFE1-404EC0B29586}.Release|x64.Build.0 = Release|Any CPU
		{74B8FAD3-501A-07A7-BFE1-404EC0B29586}.Release|x86.ActiveCfg = Release|Any CPU
		{74B8FAD3-501A-07A7-BFE1-404EC0B29586}.Release|x86.Build.0 = Release|Any CPU
		{AA7678D5-12E0-F1A4-846E-615C6DD9842F}.Debug|Any CPU.ActiveCfg = Debug|Any CPU
		{AA7678D5-12E0-F1A4-846E-615C6DD9842F}.Debug|Any CPU.Build.0 = Debug|Any CPU
		{AA7678D5-12E0-F1A4-846E-615C6DD9842F}.Debug|x64.ActiveCfg = Debug|Any CPU
		{AA7678D5-12E0-F1A4-846E-615C6DD9842F}.Debug|x64.Build.0 = Debug|Any CPU
		{AA7678D5-12E0-F1A4-846E-615C6DD9842F}.Debug|x86.ActiveCfg = Debug|Any CPU
		{AA7678D5-12E0-F1A4-846E-615C6DD9842F}.Debug|x86.Build.0 = Debug|Any CPU
		{AA7678D5-12E0-F1A4-846E-615C6DD9842F}.Release|Any CPU.ActiveCfg = Release|Any CPU
		{AA7678D5-12E0-F1A4-846E-615C6DD9842F}.Release|Any CPU.Build.0 = Release|Any CPU
		{AA7678D5-12E0-F1A4-846E-615C6DD9842F}.Release|x64.ActiveCfg = Release|Any CPU
		{AA7678D5-12E0-F1A4-846E-615C6DD9842F}.Release|x64.Build.0 = Release|Any CPU
		{AA7678D5-12E0-F1A4-846E-615C6DD9842F}.Release|x86.ActiveCfg = Release|Any CPU
		{AA7678D5-12E0-F1A4-846E-615C6DD9842F}.Release|x86.Build.0 = Release|Any CPU
		{36D3B7E4-522C-C191-6798-D8191410A144}.Debug|Any CPU.ActiveCfg = Debug|Any CPU
		{36D3B7E4-522C-C191-6798-D8191410A144}.Debug|Any CPU.Build.0 = Debug|Any CPU
		{36D3B7E4-522C-C191-6798-D8191410A144}.Debug|x64.ActiveCfg = Debug|Any CPU
		{36D3B7E4-522C-C191-6798-D8191410A144}.Debug|x64.Build.0 = Debug|Any CPU
		{36D3B7E4-522C-C191-6798-D8191410A144}.Debug|x86.ActiveCfg = Debug|Any CPU
		{36D3B7E4-522C-C191-6798-D8191410A144}.Debug|x86.Build.0 = Debug|Any CPU
		{36D3B7E4-522C-C191-6798-D8191410A144}.Release|Any CPU.ActiveCfg = Release|Any CPU
		{36D3B7E4-522C-C191-6798-D8191410A144}.Release|Any CPU.Build.0 = Release|Any CPU
		{36D3B7E4-522C-C191-6798-D8191410A144}.Release|x64.ActiveCfg = Release|Any CPU
		{36D3B7E4-522C-C191-6798-D8191410A144}.Release|x64.Build.0 = Release|Any CPU
		{36D3B7E4-522C-C191-6798-D8191410A144}.Release|x86.ActiveCfg = Release|Any CPU
		{36D3B7E4-522C-C191-6798-D8191410A144}.Release|x86.Build.0 = Release|Any CPU
		{B69C27A7-4092-3605-4D2C-E31A8614FD7F}.Debug|Any CPU.ActiveCfg = Debug|Any CPU
		{B69C27A7-4092-3605-4D2C-E31A8614FD7F}.Debug|Any CPU.Build.0 = Debug|Any CPU
		{B69C27A7-4092-3605-4D2C-E31A8614FD7F}.Debug|x64.ActiveCfg = Debug|Any CPU
		{B69C27A7-4092-3605-4D2C-E31A8614FD7F}.Debug|x64.Build.0 = Debug|Any CPU
		{B69C27A7-4092-3605-4D2C-E31A8614FD7F}.Debug|x86.ActiveCfg = Debug|Any CPU
		{B69C27A7-4092-3605-4D2C-E31A8614FD7F}.Debug|x86.Build.0 = Debug|Any CPU
		{B69C27A7-4092-3605-4D2C-E31A8614FD7F}.Release|Any CPU.ActiveCfg = Release|Any CPU
		{B69C27A7-4092-3605-4D2C-E31A8614FD7F}.Release|Any CPU.Build.0 = Release|Any CPU
		{B69C27A7-4092-3605-4D2C-E31A8614FD7F}.Release|x64.ActiveCfg = Release|Any CPU
		{B69C27A7-4092-3605-4D2C-E31A8614FD7F}.Release|x64.Build.0 = Release|Any CPU
		{B69C27A7-4092-3605-4D2C-E31A8614FD7F}.Release|x86.ActiveCfg = Release|Any CPU
		{B69C27A7-4092-3605-4D2C-E31A8614FD7F}.Release|x86.Build.0 = Release|Any CPU
		{7C46466C-C65A-3CF0-1DED-17D9A9124434}.Debug|Any CPU.ActiveCfg = Debug|Any CPU
		{7C46466C-C65A-3CF0-1DED-17D9A9124434}.Debug|Any CPU.Build.0 = Debug|Any CPU
		{7C46466C-C65A-3CF0-1DED-17D9A9124434}.Debug|x64.ActiveCfg = Debug|Any CPU
		{7C46466C-C65A-3CF0-1DED-17D9A9124434}.Debug|x64.Build.0 = Debug|Any CPU
		{7C46466C-C65A-3CF0-1DED-17D9A9124434}.Debug|x86.ActiveCfg = Debug|Any CPU
		{7C46466C-C65A-3CF0-1DED-17D9A9124434}.Debug|x86.Build.0 = Debug|Any CPU
		{7C46466C-C65A-3CF0-1DED-17D9A9124434}.Release|Any CPU.ActiveCfg = Release|Any CPU
		{7C46466C-C65A-3CF0-1DED-17D9A9124434}.Release|Any CPU.Build.0 = Release|Any CPU
		{7C46466C-C65A-3CF0-1DED-17D9A9124434}.Release|x64.ActiveCfg = Release|Any CPU
		{7C46466C-C65A-3CF0-1DED-17D9A9124434}.Release|x64.Build.0 = Release|Any CPU
		{7C46466C-C65A-3CF0-1DED-17D9A9124434}.Release|x86.ActiveCfg = Release|Any CPU
		{7C46466C-C65A-3CF0-1DED-17D9A9124434}.Release|x86.Build.0 = Release|Any CPU
		{07A49E4D-6E6D-C3F7-0F08-F704E5E0A7EA}.Debug|Any CPU.ActiveCfg = Debug|Any CPU
		{07A49E4D-6E6D-C3F7-0F08-F704E5E0A7EA}.Debug|Any CPU.Build.0 = Debug|Any CPU
		{07A49E4D-6E6D-C3F7-0F08-F704E5E0A7EA}.Debug|x64.ActiveCfg = Debug|Any CPU
		{07A49E4D-6E6D-C3F7-0F08-F704E5E0A7EA}.Debug|x64.Build.0 = Debug|Any CPU
		{07A49E4D-6E6D-C3F7-0F08-F704E5E0A7EA}.Debug|x86.ActiveCfg = Debug|Any CPU
		{07A49E4D-6E6D-C3F7-0F08-F704E5E0A7EA}.Debug|x86.Build.0 = Debug|Any CPU
		{07A49E4D-6E6D-C3F7-0F08-F704E5E0A7EA}.Release|Any CPU.ActiveCfg = Release|Any CPU
		{07A49E4D-6E6D-C3F7-0F08-F704E5E0A7EA}.Release|Any CPU.Build.0 = Release|Any CPU
		{07A49E4D-6E6D-C3F7-0F08-F704E5E0A7EA}.Release|x64.ActiveCfg = Release|Any CPU
		{07A49E4D-6E6D-C3F7-0F08-F704E5E0A7EA}.Release|x64.Build.0 = Release|Any CPU
		{07A49E4D-6E6D-C3F7-0F08-F704E5E0A7EA}.Release|x86.ActiveCfg = Release|Any CPU
		{07A49E4D-6E6D-C3F7-0F08-F704E5E0A7EA}.Release|x86.Build.0 = Release|Any CPU
		{55CFA72D-53A3-670E-5AFC-C4BC55CF0410}.Debug|Any CPU.ActiveCfg = Debug|Any CPU
		{55CFA72D-53A3-670E-5AFC-C4BC55CF0410}.Debug|Any CPU.Build.0 = Debug|Any CPU
		{55CFA72D-53A3-670E-5AFC-C4BC55CF0410}.Debug|x64.ActiveCfg = Debug|Any CPU
		{55CFA72D-53A3-670E-5AFC-C4BC55CF0410}.Debug|x64.Build.0 = Debug|Any CPU
		{55CFA72D-53A3-670E-5AFC-C4BC55CF0410}.Debug|x86.ActiveCfg = Debug|Any CPU
		{55CFA72D-53A3-670E-5AFC-C4BC55CF0410}.Debug|x86.Build.0 = Debug|Any CPU
		{55CFA72D-53A3-670E-5AFC-C4BC55CF0410}.Release|Any CPU.ActiveCfg = Release|Any CPU
		{55CFA72D-53A3-670E-5AFC-C4BC55CF0410}.Release|Any CPU.Build.0 = Release|Any CPU
		{55CFA72D-53A3-670E-5AFC-C4BC55CF0410}.Release|x64.ActiveCfg = Release|Any CPU
		{55CFA72D-53A3-670E-5AFC-C4BC55CF0410}.Release|x64.Build.0 = Release|Any CPU
		{55CFA72D-53A3-670E-5AFC-C4BC55CF0410}.Release|x86.ActiveCfg = Release|Any CPU
		{55CFA72D-53A3-670E-5AFC-C4BC55CF0410}.Release|x86.Build.0 = Release|Any CPU
		{A357359A-5987-71B1-276F-5DACFC790483}.Debug|Any CPU.ActiveCfg = Debug|Any CPU
		{A357359A-5987-71B1-276F-5DACFC790483}.Debug|Any CPU.Build.0 = Debug|Any CPU
		{A357359A-5987-71B1-276F-5DACFC790483}.Debug|x64.ActiveCfg = Debug|Any CPU
		{A357359A-5987-71B1-276F-5DACFC790483}.Debug|x64.Build.0 = Debug|Any CPU
		{A357359A-5987-71B1-276F-5DACFC790483}.Debug|x86.ActiveCfg = Debug|Any CPU
		{A357359A-5987-71B1-276F-5DACFC790483}.Debug|x86.Build.0 = Debug|Any CPU
		{A357359A-5987-71B1-276F-5DACFC790483}.Release|Any CPU.ActiveCfg = Release|Any CPU
		{A357359A-5987-71B1-276F-5DACFC790483}.Release|Any CPU.Build.0 = Release|Any CPU
		{A357359A-5987-71B1-276F-5DACFC790483}.Release|x64.ActiveCfg = Release|Any CPU
		{A357359A-5987-71B1-276F-5DACFC790483}.Release|x64.Build.0 = Release|Any CPU
		{A357359A-5987-71B1-276F-5DACFC790483}.Release|x86.ActiveCfg = Release|Any CPU
		{A357359A-5987-71B1-276F-5DACFC790483}.Release|x86.Build.0 = Release|Any CPU
		{FA608DFF-8AEA-E445-2D6C-EEFD84556B17}.Debug|Any CPU.ActiveCfg = Debug|Any CPU
		{FA608DFF-8AEA-E445-2D6C-EEFD84556B17}.Debug|Any CPU.Build.0 = Debug|Any CPU
		{FA608DFF-8AEA-E445-2D6C-EEFD84556B17}.Debug|x64.ActiveCfg = Debug|Any CPU
		{FA608DFF-8AEA-E445-2D6C-EEFD84556B17}.Debug|x64.Build.0 = Debug|Any CPU
		{FA608DFF-8AEA-E445-2D6C-EEFD84556B17}.Debug|x86.ActiveCfg = Debug|Any CPU
		{FA608DFF-8AEA-E445-2D6C-EEFD84556B17}.Debug|x86.Build.0 = Debug|Any CPU
		{FA608DFF-8AEA-E445-2D6C-EEFD84556B17}.Release|Any CPU.ActiveCfg = Release|Any CPU
		{FA608DFF-8AEA-E445-2D6C-EEFD84556B17}.Release|Any CPU.Build.0 = Release|Any CPU
		{FA608DFF-8AEA-E445-2D6C-EEFD84556B17}.Release|x64.ActiveCfg = Release|Any CPU
		{FA608DFF-8AEA-E445-2D6C-EEFD84556B17}.Release|x64.Build.0 = Release|Any CPU
		{FA608DFF-8AEA-E445-2D6C-EEFD84556B17}.Release|x86.ActiveCfg = Release|Any CPU
		{FA608DFF-8AEA-E445-2D6C-EEFD84556B17}.Release|x86.Build.0 = Release|Any CPU
		{53CC83B5-3BA3-E2C5-D368-B17D0EB3EA18}.Debug|Any CPU.ActiveCfg = Debug|Any CPU
		{53CC83B5-3BA3-E2C5-D368-B17D0EB3EA18}.Debug|Any CPU.Build.0 = Debug|Any CPU
		{53CC83B5-3BA3-E2C5-D368-B17D0EB3EA18}.Debug|x64.ActiveCfg = Debug|Any CPU
		{53CC83B5-3BA3-E2C5-D368-B17D0EB3EA18}.Debug|x64.Build.0 = Debug|Any CPU
		{53CC83B5-3BA3-E2C5-D368-B17D0EB3EA18}.Debug|x86.ActiveCfg = Debug|Any CPU
		{53CC83B5-3BA3-E2C5-D368-B17D0EB3EA18}.Debug|x86.Build.0 = Debug|Any CPU
		{53CC83B5-3BA3-E2C5-D368-B17D0EB3EA18}.Release|Any CPU.ActiveCfg = Release|Any CPU
		{53CC83B5-3BA3-E2C5-D368-B17D0EB3EA18}.Release|Any CPU.Build.0 = Release|Any CPU
		{53CC83B5-3BA3-E2C5-D368-B17D0EB3EA18}.Release|x64.ActiveCfg = Release|Any CPU
		{53CC83B5-3BA3-E2C5-D368-B17D0EB3EA18}.Release|x64.Build.0 = Release|Any CPU
		{53CC83B5-3BA3-E2C5-D368-B17D0EB3EA18}.Release|x86.ActiveCfg = Release|Any CPU
		{53CC83B5-3BA3-E2C5-D368-B17D0EB3EA18}.Release|x86.Build.0 = Release|Any CPU
		{F6642F69-9610-3B69-D069-AA90F8DABA6F}.Debug|Any CPU.ActiveCfg = Debug|Any CPU
		{F6642F69-9610-3B69-D069-AA90F8DABA6F}.Debug|Any CPU.Build.0 = Debug|Any CPU
		{F6642F69-9610-3B69-D069-AA90F8DABA6F}.Debug|x64.ActiveCfg = Debug|Any CPU
		{F6642F69-9610-3B69-D069-AA90F8DABA6F}.Debug|x64.Build.0 = Debug|Any CPU
		{F6642F69-9610-3B69-D069-AA90F8DABA6F}.Debug|x86.ActiveCfg = Debug|Any CPU
		{F6642F69-9610-3B69-D069-AA90F8DABA6F}.Debug|x86.Build.0 = Debug|Any CPU
		{F6642F69-9610-3B69-D069-AA90F8DABA6F}.Release|Any CPU.ActiveCfg = Release|Any CPU
		{F6642F69-9610-3B69-D069-AA90F8DABA6F}.Release|Any CPU.Build.0 = Release|Any CPU
		{F6642F69-9610-3B69-D069-AA90F8DABA6F}.Release|x64.ActiveCfg = Release|Any CPU
		{F6642F69-9610-3B69-D069-AA90F8DABA6F}.Release|x64.Build.0 = Release|Any CPU
		{F6642F69-9610-3B69-D069-AA90F8DABA6F}.Release|x86.ActiveCfg = Release|Any CPU
		{F6642F69-9610-3B69-D069-AA90F8DABA6F}.Release|x86.Build.0 = Release|Any CPU
	EndGlobalSection
	GlobalSection(SolutionProperties) = preSolution
		HideSolutionNode = FALSE
	EndGlobalSection
	GlobalSection(NestedProjects) = preSolution
		{D700638B-F78B-8FAF-E8CB-5C49C72484BB} = {8E52520E-079B-4F1B-8616-CA223FA1E088}
		{E4F1E1FB-D76B-671E-105B-8687C5AD207D} = {A18BCFE5-38D1-4FD9-9E1E-707F0CD14D6E}
		{9715A3BF-9F7C-BFEF-98DC-DE8B5BA9E4A2} = {8E52520E-079B-4F1B-8616-CA223FA1E088}
		{946DAA11-9B66-DD7B-6CA9-B70005908FA9} = {8E52520E-079B-4F1B-8616-CA223FA1E088}
		{2C8D95AD-D945-B89C-6C54-7135FA963B3E} = {8E52520E-079B-4F1B-8616-CA223FA1E088}
		{74B8FAD3-501A-07A7-BFE1-404EC0B29586} = {3626DFAC-BF28-4923-A206-644224690874}
		{AA7678D5-12E0-F1A4-846E-615C6DD9842F} = {3626DFAC-BF28-4923-A206-644224690874}
		{36D3B7E4-522C-C191-6798-D8191410A144} = {3626DFAC-BF28-4923-A206-644224690874}
		{B69C27A7-4092-3605-4D2C-E31A8614FD7F} = {0A36B216-39C2-4944-A249-5C7911A4B78C}
		{7C46466C-C65A-3CF0-1DED-17D9A9124434} = {0A36B216-39C2-4944-A249-5C7911A4B78C}
		{07A49E4D-6E6D-C3F7-0F08-F704E5E0A7EA} = {0A36B216-39C2-4944-A249-5C7911A4B78C}
		{55CFA72D-53A3-670E-5AFC-C4BC55CF0410} = {734FAA4A-E7E9-481A-B85A-806E76DB5B57}
		{A357359A-5987-71B1-276F-5DACFC790483} = {C43609CF-6E36-4D37-AB40-94BC9387C946}
		{FA608DFF-8AEA-E445-2D6C-EEFD84556B17} = {C43609CF-6E36-4D37-AB40-94BC9387C946}
		{53CC83B5-3BA3-E2C5-D368-B17D0EB3EA18} = {C43609CF-6E36-4D37-AB40-94BC9387C946}
		{F6642F69-9610-3B69-D069-AA90F8DABA6F} = {734FAA4A-E7E9-481A-B85A-806E76DB5B57}
	EndGlobalSection
	GlobalSection(ExtensibilityGlobals) = postSolution
		SolutionGuid = {63B5C8E1-C3EC-43F1-AD08-C88BC5224F4A}
	EndGlobalSection
EndGlobal
